
Microsoft Visual Studio Solution File, Format Version 12.00
# Visual Studio Version 17
VisualStudioVersion = 17.1.32127.271
MinimumVisualStudioVersion = 10.0.40219.1
Project("{FAE04EC0-301F-11D3-BF4B-00C04F79EFBC}") = "PlaceholdMarkupBug.Server", "PlaceholdMarkupBug\Server\PlaceholdMarkupBug.Server.csproj", "{F81054A6-C3EC-42C3-AABA-C323526D547D}"
EndProject
Project("{FAE04EC0-301F-11D3-BF4B-00C04F79EFBC}") = "PlaceholdMarkupBug.Client", "PlaceholdMarkupBug\Client\PlaceholdMarkupBug.Client.csproj", "{5C51A232-BF94-4BFE-B6E5-8AC2797279ED}"
EndProject
Project("{FAE04EC0-301F-11D3-BF4B-00C04F79EFBC}") = "PlaceholdMarkupBug.Shared", "PlaceholdMarkupBug\Shared\PlaceholdMarkupBug.Shared.csproj", "{88BE2AF8-C47F-44D4-805F-4D3CE879F99A}"
EndProject
Global
	GlobalSection(SolutionConfigurationPlatforms) = preSolution
		Debug|Any CPU = Debug|Any CPU
		Release|Any CPU = Release|Any CPU
	EndGlobalSection
	GlobalSection(ProjectConfigurationPlatforms) = postSolution
		{F81054A6-C3EC-42C3-AABA-C323526D547D}.Debug|Any CPU.ActiveCfg = Debug|Any CPU
		{F81054A6-C3EC-42C3-AABA-C323526D547D}.Debug|Any CPU.Build.0 = Debug|Any CPU
		{F81054A6-C3EC-42C3-AABA-C323526D547D}.Release|Any CPU.ActiveCfg = Release|Any CPU
		{F81054A6-C3EC-42C3-AABA-C323526D547D}.Release|Any CPU.Build.0 = Release|Any CPU
		{5C51A232-BF94-4BFE-B6E5-8AC2797279ED}.Debug|Any CPU.ActiveCfg = Debug|Any CPU
		{5C51A232-BF94-4BFE-B6E5-8AC2797279ED}.Debug|Any CPU.Build.0 = Debug|Any CPU
		{5C51A232-BF94-4BFE-B6E5-8AC2797279ED}.Release|Any CPU.ActiveCfg = Release|Any CPU
		{5C51A232-BF94-4BFE-B6E5-8AC2797279ED}.Release|Any CPU.Build.0 = Release|Any CPU
		{88BE2AF8-C47F-44D4-805F-4D3CE879F99A}.Debug|Any CPU.ActiveCfg = Debug|Any CPU
		{88BE2AF8-C47F-44D4-805F-4D3CE879F99A}.Debug|Any CPU.Build.0 = Debug|Any CPU
		{88BE2AF8-C47F-44D4-805F-4D3CE879F99A}.Release|Any CPU.ActiveCfg = Release|Any CPU
		{88BE2AF8-C47F-44D4-805F-4D3CE879F99A}.Release|Any CPU.Build.0 = Release|Any CPU
	EndGlobalSection
	GlobalSection(SolutionProperties) = preSolution
		HideSolutionNode = FALSE
	EndGlobalSection
	GlobalSection(ExtensibilityGlobals) = postSolution
		SolutionGuid = {C569F279-554A-4E36-8E0E-A01ACD3014C4}
	EndGlobalSection
EndGlobal
